{
  "object": {
    "pins": [
      {
        "package": "kustomer-ios",
        "repositoryURL": "https://github.com/kustomer/kustomer-ios",
        "state": {
          "branch": null,
          "revision": "cb0c7a380af962cdd5690a2ef558065491101fa7",
          "version": "2.5.3"
        }
      }
    ]
  },
  "version": 1
}
