{
  "originHash" : "3153780794d003ea2baf2d9c59105d48d20d7511db16e059c4fb2e58f4063915",
  "pins" : [
    {
      "identity" : "kustomer-ios-spm",
      "kind" : "remoteSourceControl",
      "location" : "https://github.com/kustomer/kustomer-ios-spm",
      "state" : {
        "revision" : "3b1653cf8badf12c6b9d90af1088256d5afb360b",
        "version" : "4.1.4"
      }
    }
  ],
  "version" : 3
}
