{
  "originHash" : "3153780794d003ea2baf2d9c59105d48d20d7511db16e059c4fb2e58f4063915",
  "pins" : [
    {
      "identity" : "kustomer-ios-spm",
      "kind" : "remoteSourceControl",
      "location" : "https://github.com/kustomer/kustomer-ios-spm",
      "state" : {
        "revision" : "871a365919a2ddb0aa21fef5a2b0a4ffff820cb4",
        "version" : "6.1.2"
      }
    }
  ],
  "version" : 3
}
