{
  "originHash" : "3153780794d003ea2baf2d9c59105d48d20d7511db16e059c4fb2e58f4063915",
  "pins" : [
    {
      "identity" : "kustomer-ios-spm",
      "kind" : "remoteSourceControl",
      "location" : "https://github.com/kustomer/kustomer-ios-spm",
      "state" : {
        "revision" : "c71059f43c6165787c7d4924056cb331f7a937f0",
        "version" : "8.2.0"
      }
    }
  ],
  "version" : 3
}
